// !$*UTF8*$!
{
	archiveVersion = 1;
	classes = {
	};
	objectVersion = 55;
	objects = {

/* Begin PBXBuildFile section */
		1F0133FE2775FE1900EB600A /* DataSlice.swift in Sources */ = {isa = PBXBuildFile; fileRef = 1F0133FD2775FE1900EB600A /* DataSlice.swift */; };
		1F16F2212785FFBE0094E720 /* Demangle.swift in Sources */ = {isa = PBXBuildFile; fileRef = 1F16F2202785FFBE0094E720 /* Demangle.swift */; };
		1F16F22C278813E70094E720 /* DataShifter.swift in Sources */ = {isa = PBXBuildFile; fileRef = 1F16F22B278813E70094E720 /* DataShifter.swift */; };
		1F184B282769EBB700CA286A /* SymbolTableEntry.swift in Sources */ = {isa = PBXBuildFile; fileRef = 1F184B272769EBB700CA286A /* SymbolTableEntry.swift */; };
		1F3C859C286D91160042EEA6 /* TranslationItemView.swift in Sources */ = {isa = PBXBuildFile; fileRef = 1F3C859B286D91160042EEA6 /* TranslationItemView.swift */; };
		1F3C859E286D9DB00042EEA6 /* PageControlView.swift in Sources */ = {isa = PBXBuildFile; fileRef = 1F3C859D286D9DB00042EEA6 /* PageControlView.swift */; };
		1F3C85A0286DA5920042EEA6 /* HexadecimalLineView.swift in Sources */ = {isa = PBXBuildFile; fileRef = 1F3C859F286DA5920042EEA6 /* HexadecimalLineView.swift */; };
		1F3C85A2286DA7320042EEA6 /* HexadecimalViewModel.swift in Sources */ = {isa = PBXBuildFile; fileRef = 1F3C85A1286DA7320042EEA6 /* HexadecimalViewModel.swift */; };
		1F3C85A4286DC9380042EEA6 /* HexadecimalLineViewModel.swift in Sources */ = {isa = PBXBuildFile; fileRef = 1F3C85A3286DC9380042EEA6 /* HexadecimalLineViewModel.swift */; };
		1F3C85A6286DC9850042EEA6 /* TranslationViewModel.swift in Sources */ = {isa = PBXBuildFile; fileRef = 1F3C85A5286DC9850042EEA6 /* TranslationViewModel.swift */; };
		1F40ED2C279FF57700D93824 /* FunctionStartsComponent.swift in Sources */ = {isa = PBXBuildFile; fileRef = 1F40ED2B279FF57700D93824 /* FunctionStartsComponent.swift */; };
		1F40ED2E27A13D3A00D93824 /* UStringComponent.swift in Sources */ = {isa = PBXBuildFile; fileRef = 1F40ED2D27A13D3A00D93824 /* UStringComponent.swift */; };
		1F40ED3227AB88A800D93824 /* SymbolPointerComponent.swift in Sources */ = {isa = PBXBuildFile; fileRef = 1F40ED3127AB88A800D93824 /* SymbolPointerComponent.swift */; };
		1F40ED3627AFAAA200D93824 /* IndirectSymbolTableEntry.swift in Sources */ = {isa = PBXBuildFile; fileRef = 1F40ED3527AFAAA200D93824 /* IndirectSymbolTableEntry.swift */; };
		1F40ED8627B110AD00D93824 /* InstructionComponent.swift in Sources */ = {isa = PBXBuildFile; fileRef = 1F40ED8527B110AD00D93824 /* InstructionComponent.swift */; };
		1F40ED8A27B1120400D93824 /* CapStoneHelper.m in Sources */ = {isa = PBXBuildFile; fileRef = 1F40ED8927B1120400D93824 /* CapStoneHelper.m */; };
		1F436DBA27CE09DA00F4D7FA /* libcapstone.a in Frameworks */ = {isa = PBXBuildFile; fileRef = 1F8447B927B11D7000ED0246 /* libcapstone.a */; };
		1F6212E327966ED0009A9154 /* LCEncryptionInfo.swift in Sources */ = {isa = PBXBuildFile; fileRef = 1F6212E227966ED0009A9154 /* LCEncryptionInfo.swift */; };
		1F6212E527967438009A9154 /* LCMonoString.swift in Sources */ = {isa = PBXBuildFile; fileRef = 1F6212E427967438009A9154 /* LCMonoString.swift */; };
		1F6212E72796744F009A9154 /* LCUUID.swift in Sources */ = {isa = PBXBuildFile; fileRef = 1F6212E62796744F009A9154 /* LCUUID.swift */; };
		1F6212E92796746C009A9154 /* LCSourceVersion.swift in Sources */ = {isa = PBXBuildFile; fileRef = 1F6212E82796746C009A9154 /* LCSourceVersion.swift */; };
		1F6212EB2796747C009A9154 /* LCMain.swift in Sources */ = {isa = PBXBuildFile; fileRef = 1F6212EA2796747C009A9154 /* LCMain.swift */; };
		1F6212ED279693BE009A9154 /* LCBuildVersion.swift in Sources */ = {isa = PBXBuildFile; fileRef = 1F6212EC279693BE009A9154 /* LCBuildVersion.swift */; };
		1F68325A276C49AB002609C5 /* RelocationEntry.swift in Sources */ = {isa = PBXBuildFile; fileRef = 1F683259276C49AB002609C5 /* RelocationEntry.swift */; };
		1F6EB9FC278AE46500590729 /* LCDyldInfo.swift in Sources */ = {isa = PBXBuildFile; fileRef = 1F6EB9FB278AE46500590729 /* LCDyldInfo.swift */; };
		1F6EB9FE278AECB000590729 /* OperationCodeComponent.swift in Sources */ = {isa = PBXBuildFile; fileRef = 1F6EB9FD278AECB000590729 /* OperationCodeComponent.swift */; };
		1F73C6C9275A31F00020E581 /* LoadCommand.swift in Sources */ = {isa = PBXBuildFile; fileRef = 1F73C6BC275A31F00020E581 /* LoadCommand.swift */; };
		1F73C6CD275A31F00020E581 /* SectionHeader.swift in Sources */ = {isa = PBXBuildFile; fileRef = 1F73C6BE275A31F00020E581 /* SectionHeader.swift */; };
		1F73C6CF275A31F00020E581 /* Macho.swift in Sources */ = {isa = PBXBuildFile; fileRef = 1F73C6BF275A31F00020E581 /* Macho.swift */; };
		1F73C6D1275A31F00020E581 /* CPUType.swift in Sources */ = {isa = PBXBuildFile; fileRef = 1F73C6C0275A31F00020E581 /* CPUType.swift */; };
		1F73C6DA275A320D0020E581 /* HexadecimalView.swift in Sources */ = {isa = PBXBuildFile; fileRef = 1F73C6D5275A320D0020E581 /* HexadecimalView.swift */; };
		1F73C6DE275A320D0020E581 /* MachoView.swift in Sources */ = {isa = PBXBuildFile; fileRef = 1F73C6D7275A320D0020E581 /* MachoView.swift */; };
		1F73C6E8275A32120020E581 /* UnixArchive.swift in Sources */ = {isa = PBXBuildFile; fileRef = 1F73C6E3275A32120020E581 /* UnixArchive.swift */; };
		1F73C6FE275A322C0020E581 /* Extensions.swift in Sources */ = {isa = PBXBuildFile; fileRef = 1F73C6EF275A322C0020E581 /* Extensions.swift */; };
		1F73C706275A322C0020E581 /* Theme.swift in Sources */ = {isa = PBXBuildFile; fileRef = 1F73C6F3275A322C0020E581 /* Theme.swift */; };
		1F73C70A275A5C6D0020E581 /* FatBinary.swift in Sources */ = {isa = PBXBuildFile; fileRef = 1F73C709275A5C6D0020E581 /* FatBinary.swift */; };
		1F75F8B8275A3151001A4E29 /* mochaApp.swift in Sources */ = {isa = PBXBuildFile; fileRef = 1F75F8A7275A314F001A4E29 /* mochaApp.swift */; };
		1F75F8BC275A3151001A4E29 /* Assets.xcassets in Resources */ = {isa = PBXBuildFile; fileRef = 1F75F8A9275A3151001A4E29 /* Assets.xcassets */; };
		1F844CB327B2434700ED0246 /* libcapstone.a in Frameworks */ = {isa = PBXBuildFile; fileRef = 1F844C7E27B2429100ED0246 /* libcapstone.a */; };
		1FB6504827904971004327BB /* OperationCode.swift in Sources */ = {isa = PBXBuildFile; fileRef = 1FB6504727904971004327BB /* OperationCode.swift */; };
		1FB6504C27904B9C004327BB /* RebaseOperationCode.swift in Sources */ = {isa = PBXBuildFile; fileRef = 1FB6504B27904B9C004327BB /* RebaseOperationCode.swift */; };
		1FB6504E279051FF004327BB /* BindOperationCode.swift in Sources */ = {isa = PBXBuildFile; fileRef = 1FB6504D279051FF004327BB /* BindOperationCode.swift */; };
		1FB6505027916E06004327BB /* ExportInfoInterpreter.swift in Sources */ = {isa = PBXBuildFile; fileRef = 1FB6504F27916E06004327BB /* ExportInfoInterpreter.swift */; };
		1FB6505227918F85004327BB /* InterpreterUtils.swift in Sources */ = {isa = PBXBuildFile; fileRef = 1FB6505127918F85004327BB /* InterpreterUtils.swift */; };
		1FBB28222799483800E7C53D /* LiteralPointerComponent.swift in Sources */ = {isa = PBXBuildFile; fileRef = 1FBB28212799483800E7C53D /* LiteralPointerComponent.swift */; };
		1FC11B0C277B2DFD008D42D9 /* TranslationView.swift in Sources */ = {isa = PBXBuildFile; fileRef = 1FC11B0B277B2DFD008D42D9 /* TranslationView.swift */; };
		1FC258CF275F6250008C2826 /* TranslationItem.swift in Sources */ = {isa = PBXBuildFile; fileRef = 1FC258CE275F6250008C2826 /* TranslationItem.swift */; };
		1FC5CD97287824D700F9A09F /* MochaDocument.swift in Sources */ = {isa = PBXBuildFile; fileRef = 1FC5CD96287824D700F9A09F /* MochaDocument.swift */; };
		1FC5CDAC287842FC00F9A09F /* MainView.swift in Sources */ = {isa = PBXBuildFile; fileRef = 1FC5CDAB287842FC00F9A09F /* MainView.swift */; };
		1FD02A662845C7570036715E /* Constants.swift in Sources */ = {isa = PBXBuildFile; fileRef = 1FD02A652845C7570036715E /* Constants.swift */; };
		1FE35B94286B1F5C00FE37AC /* MachoLazyComponent.swift in Sources */ = {isa = PBXBuildFile; fileRef = 1FE35B93286B1F5C00FE37AC /* MachoLazyComponent.swift */; };
		1FE35B96286B1F7900FE37AC /* MachoZeroFilledComponent.swift in Sources */ = {isa = PBXBuildFile; fileRef = 1FE35B95286B1F7900FE37AC /* MachoZeroFilledComponent.swift */; };
		1FE35B9A286B393500FE37AC /* MachoComponentView.swift in Sources */ = {isa = PBXBuildFile; fileRef = 1FE35B99286B393500FE37AC /* MachoComponentView.swift */; };
		1FE35B9C286B3AEE00FE37AC /* MachoComponentCellView.swift in Sources */ = {isa = PBXBuildFile; fileRef = 1FE35B9B286B3AEE00FE37AC /* MachoComponentCellView.swift */; };
		1FEF55DA278B3C170037098B /* TranslationStore.swift in Sources */ = {isa = PBXBuildFile; fileRef = 1FEF55D9278B3C170037098B /* TranslationStore.swift */; };
		1FFCA6E02780C20700634B79 /* ModelBasedLazyComponent.swift in Sources */ = {isa = PBXBuildFile; fileRef = 1FFCA6DF2780C20700634B79 /* ModelBasedLazyComponent.swift */; };
		1FFCA6E22780C22600634B79 /* CStringComponent.swift in Sources */ = {isa = PBXBuildFile; fileRef = 1FFCA6E12780C22600634B79 /* CStringComponent.swift */; };
		1FFCA6E6278205CA00634B79 /* MachoComponent.swift in Sources */ = {isa = PBXBuildFile; fileRef = 1FFCA6E5278205CA00634B79 /* MachoComponent.swift */; };
		1FFCA6EC278487D300634B79 /* ASCIIComponent.swift in Sources */ = {isa = PBXBuildFile; fileRef = 1FFCA6EB278487D300634B79 /* ASCIIComponent.swift */; };
		1FFE55F4277F766500ECD395 /* LCLinkedITData.swift in Sources */ = {isa = PBXBuildFile; fileRef = 1FFE55F3277F766500ECD395 /* LCLinkedITData.swift */; };
		1FFE55F727802FA300ECD395 /* DataInCodeModel.swift in Sources */ = {isa = PBXBuildFile; fileRef = 1FFE55F627802FA300ECD395 /* DataInCodeModel.swift */; };
		1FFE55F9278030AE00ECD395 /* LCMinOSVersion.swift in Sources */ = {isa = PBXBuildFile; fileRef = 1FFE55F8278030AE00ECD395 /* LCMinOSVersion.swift */; };
		1FFE55FB278030DA00ECD395 /* LCLinkerOption.swift in Sources */ = {isa = PBXBuildFile; fileRef = 1FFE55FA278030DA00ECD395 /* LCLinkerOption.swift */; };
		1FFE55FD278030F100ECD395 /* LCSegment.swift in Sources */ = {isa = PBXBuildFile; fileRef = 1FFE55FC278030F100ECD395 /* LCSegment.swift */; };
		1FFE55FF2780312B00ECD395 /* LCSymbolTable.swift in Sources */ = {isa = PBXBuildFile; fileRef = 1FFE55FE2780312B00ECD395 /* LCSymbolTable.swift */; };
		1FFE56022780325D00ECD395 /* LCDylib.swift in Sources */ = {isa = PBXBuildFile; fileRef = 1FFE56012780325D00ECD395 /* LCDylib.swift */; };
		1FFE5604278032D200ECD395 /* Log.swift in Sources */ = {isa = PBXBuildFile; fileRef = 1FFE5603278032D200ECD395 /* Log.swift */; };
/* End PBXBuildFile section */

/* Begin PBXContainerItemProxy section */
		1F844C7D27B2429100ED0246 /* PBXContainerItemProxy */ = {
			isa = PBXContainerItemProxy;
			containerPortal = 1F844C6927B2429100ED0246 /* Capstone.xcodeproj */;
			proxyType = 2;
			remoteGlobalIDString = DCFE23BD19DDCC2D00EF8EA9;
			remoteInfo = CapstoneStatic;
		};
		1F844C7F27B2429100ED0246 /* PBXContainerItemProxy */ = {
			isa = PBXContainerItemProxy;
			containerPortal = 1F844C6927B2429100ED0246 /* Capstone.xcodeproj */;
			proxyType = 2;
			remoteGlobalIDString = DCFE23CD19DDCC9500EF8EA9;
			remoteInfo = CapstoneDynamic;
		};
		1F844C8127B2429100ED0246 /* PBXContainerItemProxy */ = {
			isa = PBXContainerItemProxy;
			containerPortal = 1F844C6927B2429100ED0246 /* Capstone.xcodeproj */;
			proxyType = 2;
			remoteGlobalIDString = DC474F6819DE6F3B00BCA449;
			remoteInfo = CapstoneFramework;
		};
		1F844C8327B2429100ED0246 /* PBXContainerItemProxy */ = {
			isa = PBXContainerItemProxy;
			containerPortal = 1F844C6927B2429100ED0246 /* Capstone.xcodeproj */;
			proxyType = 2;
			remoteGlobalIDString = DC474E6419DDEA5F00BCA449;
			remoteInfo = test_basic;
		};
		1F844C8527B2429100ED0246 /* PBXContainerItemProxy */ = {
			isa = PBXContainerItemProxy;
			containerPortal = 1F844C6927B2429100ED0246 /* Capstone.xcodeproj */;
			proxyType = 2;
			remoteGlobalIDString = DC474E8619DDEAA200BCA449;
			remoteInfo = test_arm;
		};
		1F844C8727B2429100ED0246 /* PBXContainerItemProxy */ = {
			isa = PBXContainerItemProxy;
			containerPortal = 1F844C6927B2429100ED0246 /* Capstone.xcodeproj */;
			proxyType = 2;
			remoteGlobalIDString = DC474EEA19DDEAE400BCA449;
			remoteInfo = test_arm64;
		};
		1F844C8927B2429100ED0246 /* PBXContainerItemProxy */ = {
			isa = PBXContainerItemProxy;
			containerPortal = 1F844C6927B2429100ED0246 /* Capstone.xcodeproj */;
			proxyType = 2;
			remoteGlobalIDString = DC3A28DB1AF29BEB00FC9913;
			remoteInfo = test_customized_mnem;
		};
		1F844C8B27B2429100ED0246 /* PBXContainerItemProxy */ = {
			isa = PBXContainerItemProxy;
			containerPortal = 1F844C6927B2429100ED0246 /* Capstone.xcodeproj */;
			proxyType = 2;
			remoteGlobalIDString = DC474E9119DDEAA700BCA449;
			remoteInfo = test_detail;
		};
		1F844C8D27B2429100ED0246 /* PBXContainerItemProxy */ = {
			isa = PBXContainerItemProxy;
			containerPortal = 1F844C6927B2429100ED0246 /* Capstone.xcodeproj */;
			proxyType = 2;
			remoteGlobalIDString = DC5BFF4019EE544E008CA585;
			remoteInfo = test_iter;
		};
		1F844C8F27B2429100ED0246 /* PBXContainerItemProxy */ = {
			isa = PBXContainerItemProxy;
			containerPortal = 1F844C6927B2429100ED0246 /* Capstone.xcodeproj */;
			proxyType = 2;
			remoteGlobalIDString = DCA357961BC2C0930094BB3F;
			remoteInfo = test_m68k;
		};
		1F844C9127B2429100ED0246 /* PBXContainerItemProxy */ = {
			isa = PBXContainerItemProxy;
			containerPortal = 1F844C6927B2429100ED0246 /* Capstone.xcodeproj */;
			proxyType = 2;
			remoteGlobalIDString = DC474E9C19DDEAAC00BCA449;
			remoteInfo = test_mips;
		};
		1F844C9327B2429100ED0246 /* PBXContainerItemProxy */ = {
			isa = PBXContainerItemProxy;
			containerPortal = 1F844C6927B2429100ED0246 /* Capstone.xcodeproj */;
			proxyType = 2;
			remoteGlobalIDString = DC474EA719DDEAB000BCA449;
			remoteInfo = test_ppc;
		};
		1F844C9527B2429100ED0246 /* PBXContainerItemProxy */ = {
			isa = PBXContainerItemProxy;
			containerPortal = 1F844C6927B2429100ED0246 /* Capstone.xcodeproj */;
			proxyType = 2;
			remoteGlobalIDString = DC474EB219DDEAB700BCA449;
			remoteInfo = test_skipdata;
		};
		1F844C9727B2429100ED0246 /* PBXContainerItemProxy */ = {
			isa = PBXContainerItemProxy;
			containerPortal = 1F844C6927B2429100ED0246 /* Capstone.xcodeproj */;
			proxyType = 2;
			remoteGlobalIDString = DC474EBD19DDEABC00BCA449;
			remoteInfo = test_sparc;
		};
		1F844C9927B2429100ED0246 /* PBXContainerItemProxy */ = {
			isa = PBXContainerItemProxy;
			containerPortal = 1F844C6927B2429100ED0246 /* Capstone.xcodeproj */;
			proxyType = 2;
			remoteGlobalIDString = DC474EC819DDEAC100BCA449;
			remoteInfo = test_systemz;
		};
		1F844C9B27B2429100ED0246 /* PBXContainerItemProxy */ = {
			isa = PBXContainerItemProxy;
			containerPortal = 1F844C6927B2429100ED0246 /* Capstone.xcodeproj */;
			proxyType = 2;
			remoteGlobalIDString = DC474ED319DDEAC600BCA449;
			remoteInfo = test_x86;
		};
		1F844C9D27B2429100ED0246 /* PBXContainerItemProxy */ = {
			isa = PBXContainerItemProxy;
			containerPortal = 1F844C6927B2429100ED0246 /* Capstone.xcodeproj */;
			proxyType = 2;
			remoteGlobalIDString = DC474EDE19DDEACC00BCA449;
			remoteInfo = test_xcore;
		};
		1F844CB127B242EC00ED0246 /* PBXContainerItemProxy */ = {
			isa = PBXContainerItemProxy;
			containerPortal = 1F844C6927B2429100ED0246 /* Capstone.xcodeproj */;
			proxyType = 1;
			remoteGlobalIDString = DCFE23BC19DDCC2D00EF8EA9;
			remoteInfo = CapstoneStatic;
		};
/* End PBXContainerItemProxy section */

/* Begin PBXFileReference section */
		1F0133FD2775FE1900EB600A /* DataSlice.swift */ = {isa = PBXFileReference; lastKnownFileType = sourcecode.swift; path = DataSlice.swift; sourceTree = "<group>"; };
		1F16F2202785FFBE0094E720 /* Demangle.swift */ = {isa = PBXFileReference; lastKnownFileType = sourcecode.swift; path = Demangle.swift; sourceTree = "<group>"; };
		1F16F22B278813E70094E720 /* DataShifter.swift */ = {isa = PBXFileReference; lastKnownFileType = sourcecode.swift; path = DataShifter.swift; sourceTree = "<group>"; };
		1F184B272769EBB700CA286A /* SymbolTableEntry.swift */ = {isa = PBXFileReference; lastKnownFileType = sourcecode.swift; path = SymbolTableEntry.swift; sourceTree = "<group>"; };
		1F3C859B286D91160042EEA6 /* TranslationItemView.swift */ = {isa = PBXFileReference; lastKnownFileType = sourcecode.swift; path = TranslationItemView.swift; sourceTree = "<group>"; };
		1F3C859D286D9DB00042EEA6 /* PageControlView.swift */ = {isa = PBXFileReference; lastKnownFileType = sourcecode.swift; path = PageControlView.swift; sourceTree = "<group>"; };
		1F3C859F286DA5920042EEA6 /* HexadecimalLineView.swift */ = {isa = PBXFileReference; lastKnownFileType = sourcecode.swift; path = HexadecimalLineView.swift; sourceTree = "<group>"; };
		1F3C85A1286DA7320042EEA6 /* HexadecimalViewModel.swift */ = {isa = PBXFileReference; lastKnownFileType = sourcecode.swift; path = HexadecimalViewModel.swift; sourceTree = "<group>"; };
		1F3C85A3286DC9380042EEA6 /* HexadecimalLineViewModel.swift */ = {isa = PBXFileReference; lastKnownFileType = sourcecode.swift; path = HexadecimalLineViewModel.swift; sourceTree = "<group>"; };
		1F3C85A5286DC9850042EEA6 /* TranslationViewModel.swift */ = {isa = PBXFileReference; lastKnownFileType = sourcecode.swift; path = TranslationViewModel.swift; sourceTree = "<group>"; };
		1F40ED2B279FF57700D93824 /* FunctionStartsComponent.swift */ = {isa = PBXFileReference; lastKnownFileType = sourcecode.swift; path = FunctionStartsComponent.swift; sourceTree = "<group>"; };
		1F40ED2D27A13D3A00D93824 /* UStringComponent.swift */ = {isa = PBXFileReference; lastKnownFileType = sourcecode.swift; path = UStringComponent.swift; sourceTree = "<group>"; };
		1F40ED3127AB88A800D93824 /* SymbolPointerComponent.swift */ = {isa = PBXFileReference; lastKnownFileType = sourcecode.swift; path = SymbolPointerComponent.swift; sourceTree = "<group>"; };
		1F40ED3527AFAAA200D93824 /* IndirectSymbolTableEntry.swift */ = {isa = PBXFileReference; lastKnownFileType = sourcecode.swift; path = IndirectSymbolTableEntry.swift; sourceTree = "<group>"; };
		1F40ED8527B110AD00D93824 /* InstructionComponent.swift */ = {isa = PBXFileReference; lastKnownFileType = sourcecode.swift; path = InstructionComponent.swift; sourceTree = "<group>"; };
		1F40ED8727B1120400D93824 /* Bridging-Header.h */ = {isa = PBXFileReference; lastKnownFileType = sourcecode.c.h; path = "Bridging-Header.h"; sourceTree = "<group>"; };
		1F40ED8827B1120400D93824 /* CapStoneHelper.h */ = {isa = PBXFileReference; lastKnownFileType = sourcecode.c.h; path = CapStoneHelper.h; sourceTree = "<group>"; };
		1F40ED8927B1120400D93824 /* CapStoneHelper.m */ = {isa = PBXFileReference; lastKnownFileType = sourcecode.c.objc; path = CapStoneHelper.m; sourceTree = "<group>"; };
		1F6212E227966ED0009A9154 /* LCEncryptionInfo.swift */ = {isa = PBXFileReference; lastKnownFileType = sourcecode.swift; path = LCEncryptionInfo.swift; sourceTree = "<group>"; };
		1F6212E427967438009A9154 /* LCMonoString.swift */ = {isa = PBXFileReference; lastKnownFileType = sourcecode.swift; path = LCMonoString.swift; sourceTree = "<group>"; };
		1F6212E62796744F009A9154 /* LCUUID.swift */ = {isa = PBXFileReference; lastKnownFileType = sourcecode.swift; path = LCUUID.swift; sourceTree = "<group>"; };
		1F6212E82796746C009A9154 /* LCSourceVersion.swift */ = {isa = PBXFileReference; lastKnownFileType = sourcecode.swift; path = LCSourceVersion.swift; sourceTree = "<group>"; };
		1F6212EA2796747C009A9154 /* LCMain.swift */ = {isa = PBXFileReference; lastKnownFileType = sourcecode.swift; path = LCMain.swift; sourceTree = "<group>"; };
		1F6212EC279693BE009A9154 /* LCBuildVersion.swift */ = {isa = PBXFileReference; lastKnownFileType = sourcecode.swift; path = LCBuildVersion.swift; sourceTree = "<group>"; };
		1F683259276C49AB002609C5 /* RelocationEntry.swift */ = {isa = PBXFileReference; lastKnownFileType = sourcecode.swift; path = RelocationEntry.swift; sourceTree = "<group>"; };
		1F6EB9FB278AE46500590729 /* LCDyldInfo.swift */ = {isa = PBXFileReference; lastKnownFileType = sourcecode.swift; path = LCDyldInfo.swift; sourceTree = "<group>"; };
		1F6EB9FD278AECB000590729 /* OperationCodeComponent.swift */ = {isa = PBXFileReference; lastKnownFileType = sourcecode.swift; path = OperationCodeComponent.swift; sourceTree = "<group>"; };
		1F73C6BC275A31F00020E581 /* LoadCommand.swift */ = {isa = PBXFileReference; fileEncoding = 4; lastKnownFileType = sourcecode.swift; path = LoadCommand.swift; sourceTree = "<group>"; };
		1F73C6BE275A31F00020E581 /* SectionHeader.swift */ = {isa = PBXFileReference; fileEncoding = 4; lastKnownFileType = sourcecode.swift; path = SectionHeader.swift; sourceTree = "<group>"; };
		1F73C6BF275A31F00020E581 /* Macho.swift */ = {isa = PBXFileReference; fileEncoding = 4; lastKnownFileType = sourcecode.swift; path = Macho.swift; sourceTree = "<group>"; };
		1F73C6C0275A31F00020E581 /* CPUType.swift */ = {isa = PBXFileReference; fileEncoding = 4; lastKnownFileType = sourcecode.swift; path = CPUType.swift; sourceTree = "<group>"; };
		1F73C6D5275A320D0020E581 /* HexadecimalView.swift */ = {isa = PBXFileReference; fileEncoding = 4; lastKnownFileType = sourcecode.swift; path = HexadecimalView.swift; sourceTree = "<group>"; };
		1F73C6D7275A320D0020E581 /* MachoView.swift */ = {isa = PBXFileReference; fileEncoding = 4; lastKnownFileType = sourcecode.swift; path = MachoView.swift; sourceTree = "<group>"; };
		1F73C6E3275A32120020E581 /* UnixArchive.swift */ = {isa = PBXFileReference; fileEncoding = 4; lastKnownFileType = sourcecode.swift; path = UnixArchive.swift; sourceTree = "<group>"; };
		1F73C6EF275A322C0020E581 /* Extensions.swift */ = {isa = PBXFileReference; fileEncoding = 4; lastKnownFileType = sourcecode.swift; path = Extensions.swift; sourceTree = "<group>"; };
		1F73C6F3275A322C0020E581 /* Theme.swift */ = {isa = PBXFileReference; fileEncoding = 4; lastKnownFileType = sourcecode.swift; path = Theme.swift; sourceTree = "<group>"; };
		1F73C709275A5C6D0020E581 /* FatBinary.swift */ = {isa = PBXFileReference; lastKnownFileType = sourcecode.swift; path = FatBinary.swift; sourceTree = "<group>"; };
		1F75F8A7275A314F001A4E29 /* mochaApp.swift */ = {isa = PBXFileReference; lastKnownFileType = sourcecode.swift; path = mochaApp.swift; sourceTree = "<group>"; };
		1F75F8A9275A3151001A4E29 /* Assets.xcassets */ = {isa = PBXFileReference; lastKnownFileType = folder.assetcatalog; path = Assets.xcassets; sourceTree = "<group>"; };
		1F75F8B4275A3151001A4E29 /* mocha.app */ = {isa = PBXFileReference; explicitFileType = wrapper.application; includeInIndex = 0; path = mocha.app; sourceTree = BUILT_PRODUCTS_DIR; };
		1F75F8B6275A3151001A4E29 /* macOS.entitlements */ = {isa = PBXFileReference; lastKnownFileType = text.plist.entitlements; path = macOS.entitlements; sourceTree = "<group>"; };
		1F75F8C5275A3161001A4E29 /* mocha (iOS).entitlements */ = {isa = PBXFileReference; lastKnownFileType = text.plist.entitlements; path = "mocha (iOS).entitlements"; sourceTree = "<group>"; };
		1F8447B927B11D7000ED0246 /* libcapstone.a */ = {isa = PBXFileReference; lastKnownFileType = archive.ar; name = libcapstone.a; path = capstone/libcapstone.a; sourceTree = "<group>"; };
		1F844C6927B2429100ED0246 /* Capstone.xcodeproj */ = {isa = PBXFileReference; lastKnownFileType = "wrapper.pb-project"; name = Capstone.xcodeproj; path = capstone/xcode/Capstone.xcodeproj; sourceTree = "<group>"; };
		1FB650452790445C004327BB /* README.md */ = {isa = PBXFileReference; lastKnownFileType = net.daringfireball.markdown; path = README.md; sourceTree = "<group>"; };
		1FB6504727904971004327BB /* OperationCode.swift */ = {isa = PBXFileReference; lastKnownFileType = sourcecode.swift; path = OperationCode.swift; sourceTree = "<group>"; };
		1FB6504B27904B9C004327BB /* RebaseOperationCode.swift */ = {isa = PBXFileReference; lastKnownFileType = sourcecode.swift; path = RebaseOperationCode.swift; sourceTree = "<group>"; };
		1FB6504D279051FF004327BB /* BindOperationCode.swift */ = {isa = PBXFileReference; lastKnownFileType = sourcecode.swift; path = BindOperationCode.swift; sourceTree = "<group>"; };
		1FB6504F27916E06004327BB /* ExportInfoInterpreter.swift */ = {isa = PBXFileReference; lastKnownFileType = sourcecode.swift; path = ExportInfoInterpreter.swift; sourceTree = "<group>"; };
		1FB6505127918F85004327BB /* InterpreterUtils.swift */ = {isa = PBXFileReference; lastKnownFileType = sourcecode.swift; path = InterpreterUtils.swift; sourceTree = "<group>"; };
		1FBB28212799483800E7C53D /* LiteralPointerComponent.swift */ = {isa = PBXFileReference; lastKnownFileType = sourcecode.swift; path = LiteralPointerComponent.swift; sourceTree = "<group>"; };
		1FC11B0B277B2DFD008D42D9 /* TranslationView.swift */ = {isa = PBXFileReference; lastKnownFileType = sourcecode.swift; path = TranslationView.swift; sourceTree = "<group>"; };
		1FC258CE275F6250008C2826 /* TranslationItem.swift */ = {isa = PBXFileReference; lastKnownFileType = sourcecode.swift; path = TranslationItem.swift; sourceTree = "<group>"; };
		1FC5CD96287824D700F9A09F /* MochaDocument.swift */ = {isa = PBXFileReference; lastKnownFileType = sourcecode.swift; path = MochaDocument.swift; sourceTree = "<group>"; };
		1FC5CDAB287842FC00F9A09F /* MainView.swift */ = {isa = PBXFileReference; lastKnownFileType = sourcecode.swift; path = MainView.swift; sourceTree = "<group>"; };
		1FD02A652845C7570036715E /* Constants.swift */ = {isa = PBXFileReference; lastKnownFileType = sourcecode.swift; path = Constants.swift; sourceTree = "<group>"; };
		1FE35B93286B1F5C00FE37AC /* MachoLazyComponent.swift */ = {isa = PBXFileReference; lastKnownFileType = sourcecode.swift; path = MachoLazyComponent.swift; sourceTree = "<group>"; };
		1FE35B95286B1F7900FE37AC /* MachoZeroFilledComponent.swift */ = {isa = PBXFileReference; lastKnownFileType = sourcecode.swift; path = MachoZeroFilledComponent.swift; sourceTree = "<group>"; };
		1FE35B99286B393500FE37AC /* MachoComponentView.swift */ = {isa = PBXFileReference; lastKnownFileType = sourcecode.swift; path = MachoComponentView.swift; sourceTree = "<group>"; };
		1FE35B9B286B3AEE00FE37AC /* MachoComponentCellView.swift */ = {isa = PBXFileReference; lastKnownFileType = sourcecode.swift; path = MachoComponentCellView.swift; sourceTree = "<group>"; };
		1FEF55D9278B3C170037098B /* TranslationStore.swift */ = {isa = PBXFileReference; lastKnownFileType = sourcecode.swift; path = TranslationStore.swift; sourceTree = "<group>"; };
		1FFCA6DF2780C20700634B79 /* ModelBasedLazyComponent.swift */ = {isa = PBXFileReference; lastKnownFileType = sourcecode.swift; path = ModelBasedLazyComponent.swift; sourceTree = "<group>"; };
		1FFCA6E12780C22600634B79 /* CStringComponent.swift */ = {isa = PBXFileReference; lastKnownFileType = sourcecode.swift; path = CStringComponent.swift; sourceTree = "<group>"; };
		1FFCA6E5278205CA00634B79 /* MachoComponent.swift */ = {isa = PBXFileReference; lastKnownFileType = sourcecode.swift; path = MachoComponent.swift; sourceTree = "<group>"; };
		1FFCA6EB278487D300634B79 /* ASCIIComponent.swift */ = {isa = PBXFileReference; lastKnownFileType = sourcecode.swift; path = ASCIIComponent.swift; sourceTree = "<group>"; };
		1FFE55F3277F766500ECD395 /* LCLinkedITData.swift */ = {isa = PBXFileReference; lastKnownFileType = sourcecode.swift; path = LCLinkedITData.swift; sourceTree = "<group>"; };
		1FFE55F627802FA300ECD395 /* DataInCodeModel.swift */ = {isa = PBXFileReference; lastKnownFileType = sourcecode.swift; path = DataInCodeModel.swift; sourceTree = "<group>"; };
		1FFE55F8278030AE00ECD395 /* LCMinOSVersion.swift */ = {isa = PBXFileReference; lastKnownFileType = sourcecode.swift; path = LCMinOSVersion.swift; sourceTree = "<group>"; };
		1FFE55FA278030DA00ECD395 /* LCLinkerOption.swift */ = {isa = PBXFileReference; lastKnownFileType = sourcecode.swift; path = LCLinkerOption.swift; sourceTree = "<group>"; };
		1FFE55FC278030F100ECD395 /* LCSegment.swift */ = {isa = PBXFileReference; lastKnownFileType = sourcecode.swift; path = LCSegment.swift; sourceTree = "<group>"; };
		1FFE55FE2780312B00ECD395 /* LCSymbolTable.swift */ = {isa = PBXFileReference; lastKnownFileType = sourcecode.swift; path = LCSymbolTable.swift; sourceTree = "<group>"; };
		1FFE56012780325D00ECD395 /* LCDylib.swift */ = {isa = PBXFileReference; lastKnownFileType = sourcecode.swift; path = LCDylib.swift; sourceTree = "<group>"; };
		1FFE5603278032D200ECD395 /* Log.swift */ = {isa = PBXFileReference; lastKnownFileType = sourcecode.swift; path = Log.swift; sourceTree = "<group>"; };
/* End PBXFileReference section */

/* Begin PBXFrameworksBuildPhase section */
		1F75F8B1275A3151001A4E29 /* Frameworks */ = {
			isa = PBXFrameworksBuildPhase;
			buildActionMask = 2147483647;
			files = (
				1F436DBA27CE09DA00F4D7FA /* libcapstone.a in Frameworks */,
				1F844CB327B2434700ED0246 /* libcapstone.a in Frameworks */,
			);
			runOnlyForDeploymentPostprocessing = 0;
		};
/* End PBXFrameworksBuildPhase section */

/* Begin PBXGroup section */
		1F16F22D27882F310094E720 /* Translations */ = {
			isa = PBXGroup;
			children = (
				1FC258CE275F6250008C2826 /* TranslationItem.swift */,
				1FEF55D9278B3C170037098B /* TranslationStore.swift */,
			);
			path = Translations;
			sourceTree = "<group>";
		};
		1F73C6B8275A31F00020E581 /* Models */ = {
			isa = PBXGroup;
			children = (
				1F73C6BF275A31F00020E581 /* Macho.swift */,
				1F73C6C0275A31F00020E581 /* CPUType.swift */,
				1F73C6BE275A31F00020E581 /* SectionHeader.swift */,
				1F16F22D27882F310094E720 /* Translations */,
				1FFE560727803AE200ECD395 /* MachoComponents */,
				1FFE55F2277F764B00ECD395 /* LoadCommand */,
			);
			path = Models;
			sourceTree = "<group>";
		};
		1F73C6D4275A320D0020E581 /* View */ = {
			isa = PBXGroup;
			children = (
				1F3C85A3286DC9380042EEA6 /* HexadecimalLineViewModel.swift */,
				1F3C859F286DA5920042EEA6 /* HexadecimalLineView.swift */,
				1F3C85A1286DA7320042EEA6 /* HexadecimalViewModel.swift */,
				1F73C6D5275A320D0020E581 /* HexadecimalView.swift */,
				1F3C859B286D91160042EEA6 /* TranslationItemView.swift */,
				1F3C85A5286DC9850042EEA6 /* TranslationViewModel.swift */,
				1FC11B0B277B2DFD008D42D9 /* TranslationView.swift */,
				1F3C859D286D9DB00042EEA6 /* PageControlView.swift */,
				1FE35B99286B393500FE37AC /* MachoComponentView.swift */,
				1FE35B9B286B3AEE00FE37AC /* MachoComponentCellView.swift */,
				1F73C6D7275A320D0020E581 /* MachoView.swift */,
				1FC5CDAB287842FC00F9A09F /* MainView.swift */,
			);
			path = View;
			sourceTree = "<group>";
		};
		1F73C6E1275A32120020E581 /* IO */ = {
			isa = PBXGroup;
			children = (
				1F0133FD2775FE1900EB600A /* DataSlice.swift */,
				1F73C709275A5C6D0020E581 /* FatBinary.swift */,
				1F73C6E3275A32120020E581 /* UnixArchive.swift */,
				1FC5CD96287824D700F9A09F /* MochaDocument.swift */,
			);
			path = IO;
			sourceTree = "<group>";
		};
		1F75F8A1275A314F001A4E29 = {
			isa = PBXGroup;
			children = (
				1F844C6927B2429100ED0246 /* Capstone.xcodeproj */,
				1FB650452790445C004327BB /* README.md */,
				1F75F8C5275A3161001A4E29 /* mocha (iOS).entitlements */,
				1F75F8A6275A314F001A4E29 /* Shared */,
				1F75F8B5275A3151001A4E29 /* macOS */,
				1F75F8AF275A3151001A4E29 /* Products */,
				1F8447B827B11D7000ED0246 /* Frameworks */,
			);
			sourceTree = "<group>";
		};
		1F75F8A6275A314F001A4E29 /* Shared */ = {
			isa = PBXGroup;
			children = (
				1F40ED8727B1120400D93824 /* Bridging-Header.h */,
				1F75F8A7275A314F001A4E29 /* mochaApp.swift */,
				1F75F8A9275A3151001A4E29 /* Assets.xcassets */,
				1FC258C7275C90C4008C2826 /* Helpers */,
				1F73C6E1275A32120020E581 /* IO */,
				1F73C6D4275A320D0020E581 /* View */,
				1F73C6B8275A31F00020E581 /* Models */,
			);
			path = Shared;
			sourceTree = "<group>";
		};
		1F75F8AF275A3151001A4E29 /* Products */ = {
			isa = PBXGroup;
			children = (
				1F75F8B4275A3151001A4E29 /* mocha.app */,
			);
			name = Products;
			sourceTree = "<group>";
		};
		1F75F8B5275A3151001A4E29 /* macOS */ = {
			isa = PBXGroup;
			children = (
				1F75F8B6275A3151001A4E29 /* macOS.entitlements */,
			);
			path = macOS;
			sourceTree = "<group>";
		};
		1F8447B827B11D7000ED0246 /* Frameworks */ = {
			isa = PBXGroup;
			children = (
				1F8447B927B11D7000ED0246 /* libcapstone.a */,
			);
			name = Frameworks;
			sourceTree = "<group>";
		};
		1F844C6A27B2429100ED0246 /* Products */ = {
			isa = PBXGroup;
			children = (
				1F844C7E27B2429100ED0246 /* libcapstone.a */,
				1F844C8027B2429100ED0246 /* libcapstone.dylib */,
				1F844C8227B2429100ED0246 /* Capstone.framework */,
				1F844C8427B2429100ED0246 /* test */,
				1F844C8627B2429100ED0246 /* test_arm */,
				1F844C8827B2429100ED0246 /* test_arm64 */,
				1F844C8A27B2429100ED0246 /* test_customized_mnem */,
				1F844C8C27B2429100ED0246 /* test_detail */,
				1F844C8E27B2429100ED0246 /* test_iter */,
				1F844C9027B2429100ED0246 /* test_m68k */,
				1F844C9227B2429100ED0246 /* test_mips */,
				1F844C9427B2429100ED0246 /* test_ppc */,
				1F844C9627B2429100ED0246 /* test_skipdata */,
				1F844C9827B2429100ED0246 /* test_sparc */,
				1F844C9A27B2429100ED0246 /* test_systemz */,
				1F844C9C27B2429100ED0246 /* test_x86 */,
				1F844C9E27B2429100ED0246 /* test_xcore */,
			);
			name = Products;
			sourceTree = "<group>";
		};
		1FB6504627904933004327BB /* DyldInfoComponents */ = {
			isa = PBXGroup;
			children = (
				1FB6504B27904B9C004327BB /* RebaseOperationCode.swift */,
				1FB6504D279051FF004327BB /* BindOperationCode.swift */,
				1FB6504727904971004327BB /* OperationCode.swift */,
				1F6EB9FD278AECB000590729 /* OperationCodeComponent.swift */,
				1FB6504F27916E06004327BB /* ExportInfoInterpreter.swift */,
			);
			path = DyldInfoComponents;
			sourceTree = "<group>";
		};
		1FC258C7275C90C4008C2826 /* Helpers */ = {
			isa = PBXGroup;
			children = (
				1F73C6F3275A322C0020E581 /* Theme.swift */,
				1F73C6EF275A322C0020E581 /* Extensions.swift */,
				1FFE5603278032D200ECD395 /* Log.swift */,
				1F16F2202785FFBE0094E720 /* Demangle.swift */,
				1F16F22B278813E70094E720 /* DataShifter.swift */,
				1FD02A652845C7570036715E /* Constants.swift */,
			);
			path = Helpers;
			sourceTree = "<group>";
		};
		1FFE55F2277F764B00ECD395 /* LoadCommand */ = {
			isa = PBXGroup;
			children = (
				1F73C6BC275A31F00020E581 /* LoadCommand.swift */,
				1F6212EA2796747C009A9154 /* LCMain.swift */,
				1F6212E82796746C009A9154 /* LCSourceVersion.swift */,
				1F6212E62796744F009A9154 /* LCUUID.swift */,
				1F6212E427967438009A9154 /* LCMonoString.swift */,
				1FFE55F3277F766500ECD395 /* LCLinkedITData.swift */,
				1FFE55F8278030AE00ECD395 /* LCMinOSVersion.swift */,
				1FFE55FA278030DA00ECD395 /* LCLinkerOption.swift */,
				1FFE55FC278030F100ECD395 /* LCSegment.swift */,
				1FFE55FE2780312B00ECD395 /* LCSymbolTable.swift */,
				1FFE56012780325D00ECD395 /* LCDylib.swift */,
				1F6EB9FB278AE46500590729 /* LCDyldInfo.swift */,
				1F6212E227966ED0009A9154 /* LCEncryptionInfo.swift */,
				1F6212EC279693BE009A9154 /* LCBuildVersion.swift */,
			);
			path = LoadCommand;
			sourceTree = "<group>";
		};
		1FFE55F527802E9900ECD395 /* ModelBasedComponent */ = {
			isa = PBXGroup;
			children = (
				1FFCA6DF2780C20700634B79 /* ModelBasedLazyComponent.swift */,
				1FFE55F627802FA300ECD395 /* DataInCodeModel.swift */,
				1F184B272769EBB700CA286A /* SymbolTableEntry.swift */,
				1F40ED3527AFAAA200D93824 /* IndirectSymbolTableEntry.swift */,
				1F683259276C49AB002609C5 /* RelocationEntry.swift */,
			);
			path = ModelBasedComponent;
			sourceTree = "<group>";
		};
		1FFE560727803AE200ECD395 /* MachoComponents */ = {
			isa = PBXGroup;
			children = (
				1FFCA6E5278205CA00634B79 /* MachoComponent.swift */,
				1FE35B95286B1F7900FE37AC /* MachoZeroFilledComponent.swift */,
				1FE35B93286B1F5C00FE37AC /* MachoLazyComponent.swift */,
				1FB6505127918F85004327BB /* InterpreterUtils.swift */,
				1FFCA6E12780C22600634B79 /* CStringComponent.swift */,
				1F40ED2D27A13D3A00D93824 /* UStringComponent.swift */,
				1F40ED2B279FF57700D93824 /* FunctionStartsComponent.swift */,
				1FFCA6EB278487D300634B79 /* ASCIIComponent.swift */,
				1FBB28212799483800E7C53D /* LiteralPointerComponent.swift */,
				1F40ED3127AB88A800D93824 /* SymbolPointerComponent.swift */,
				1F40ED8527B110AD00D93824 /* InstructionComponent.swift */,
				1F40ED8827B1120400D93824 /* CapStoneHelper.h */,
				1F40ED8927B1120400D93824 /* CapStoneHelper.m */,
				1FFE55F527802E9900ECD395 /* ModelBasedComponent */,
				1FB6504627904933004327BB /* DyldInfoComponents */,
			);
			path = MachoComponents;
			sourceTree = "<group>";
		};
/* End PBXGroup section */

/* Begin PBXNativeTarget section */
		1F75F8B3275A3151001A4E29 /* mocha (macOS) */ = {
			isa = PBXNativeTarget;
			buildConfigurationList = 1F75F8C2275A3151001A4E29 /* Build configuration list for PBXNativeTarget "mocha (macOS)" */;
			buildPhases = (
				1F75F8B0275A3151001A4E29 /* Sources */,
				1F75F8B1275A3151001A4E29 /* Frameworks */,
				1F75F8B2275A3151001A4E29 /* Resources */,
			);
			buildRules = (
			);
			dependencies = (
				1F844CB227B242EC00ED0246 /* PBXTargetDependency */,
			);
			name = "mocha (macOS)";
			packageProductDependencies = (
			);
			productName = "mocha (macOS)";
			productReference = 1F75F8B4275A3151001A4E29 /* mocha.app */;
			productType = "com.apple.product-type.application";
		};
/* End PBXNativeTarget section */

/* Begin PBXProject section */
		1F75F8A2275A314F001A4E29 /* Project object */ = {
			isa = PBXProject;
			attributes = {
				BuildIndependentTargetsInParallel = 1;
				LastSwiftUpdateCheck = 1310;
				LastUpgradeCheck = 1310;
				TargetAttributes = {
					1F75F8B3275A3151001A4E29 = {
						CreatedOnToolsVersion = 13.1;
						LastSwiftMigration = 1310;
					};
				};
			};
			buildConfigurationList = 1F75F8A5275A314F001A4E29 /* Build configuration list for PBXProject "mocha" */;
			compatibilityVersion = "Xcode 13.0";
			developmentRegion = en;
			hasScannedForEncodings = 0;
			knownRegions = (
				en,
				Base,
			);
			mainGroup = 1F75F8A1275A314F001A4E29;
			packageReferences = (
			);
			productRefGroup = 1F75F8AF275A3151001A4E29 /* Products */;
			projectDirPath = "";
			projectReferences = (
				{
					ProductGroup = 1F844C6A27B2429100ED0246 /* Products */;
					ProjectRef = 1F844C6927B2429100ED0246 /* Capstone.xcodeproj */;
				},
			);
			projectRoot = "";
			targets = (
				1F75F8B3275A3151001A4E29 /* mocha (macOS) */,
			);
		};
/* End PBXProject section */

/* Begin PBXReferenceProxy section */
		1F844C7E27B2429100ED0246 /* libcapstone.a */ = {
			isa = PBXReferenceProxy;
			fileType = archive.ar;
			path = libcapstone.a;
			remoteRef = 1F844C7D27B2429100ED0246 /* PBXContainerItemProxy */;
			sourceTree = BUILT_PRODUCTS_DIR;
		};
		1F844C8027B2429100ED0246 /* libcapstone.dylib */ = {
			isa = PBXReferenceProxy;
			fileType = "compiled.mach-o.dylib";
			path = libcapstone.dylib;
			remoteRef = 1F844C7F27B2429100ED0246 /* PBXContainerItemProxy */;
			sourceTree = BUILT_PRODUCTS_DIR;
		};
		1F844C8227B2429100ED0246 /* Capstone.framework */ = {
			isa = PBXReferenceProxy;
			fileType = wrapper.framework;
			path = Capstone.framework;
			remoteRef = 1F844C8127B2429100ED0246 /* PBXContainerItemProxy */;
			sourceTree = BUILT_PRODUCTS_DIR;
		};
		1F844C8427B2429100ED0246 /* test */ = {
			isa = PBXReferenceProxy;
			fileType = "compiled.mach-o.executable";
			name = test;
			path = test_basic;
			remoteRef = 1F844C8327B2429100ED0246 /* PBXContainerItemProxy */;
			sourceTree = BUILT_PRODUCTS_DIR;
		};
		1F844C8627B2429100ED0246 /* test_arm */ = {
			isa = PBXReferenceProxy;
			fileType = "compiled.mach-o.executable";
			path = test_arm;
			remoteRef = 1F844C8527B2429100ED0246 /* PBXContainerItemProxy */;
			sourceTree = BUILT_PRODUCTS_DIR;
		};
		1F844C8827B2429100ED0246 /* test_arm64 */ = {
			isa = PBXReferenceProxy;
			fileType = "compiled.mach-o.executable";
			path = test_arm64;
			remoteRef = 1F844C8727B2429100ED0246 /* PBXContainerItemProxy */;
			sourceTree = BUILT_PRODUCTS_DIR;
		};
		1F844C8A27B2429100ED0246 /* test_customized_mnem */ = {
			isa = PBXReferenceProxy;
			fileType = "compiled.mach-o.executable";
			path = test_customized_mnem;
			remoteRef = 1F844C8927B2429100ED0246 /* PBXContainerItemProxy */;
			sourceTree = BUILT_PRODUCTS_DIR;
		};
		1F844C8C27B2429100ED0246 /* test_detail */ = {
			isa = PBXReferenceProxy;
			fileType = "compiled.mach-o.executable";
			path = test_detail;
			remoteRef = 1F844C8B27B2429100ED0246 /* PBXContainerItemProxy */;
			sourceTree = BUILT_PRODUCTS_DIR;
		};
		1F844C8E27B2429100ED0246 /* test_iter */ = {
			isa = PBXReferenceProxy;
			fileType = "compiled.mach-o.executable";
			path = test_iter;
			remoteRef = 1F844C8D27B2429100ED0246 /* PBXContainerItemProxy */;
			sourceTree = BUILT_PRODUCTS_DIR;
		};
		1F844C9027B2429100ED0246 /* test_m68k */ = {
			isa = PBXReferenceProxy;
			fileType = "compiled.mach-o.executable";
			path = test_m68k;
			remoteRef = 1F844C8F27B2429100ED0246 /* PBXContainerItemProxy */;
			sourceTree = BUILT_PRODUCTS_DIR;
		};
		1F844C9227B2429100ED0246 /* test_mips */ = {
			isa = PBXReferenceProxy;
			fileType = "compiled.mach-o.executable";
			path = test_mips;
			remoteRef = 1F844C9127B2429100ED0246 /* PBXContainerItemProxy */;
			sourceTree = BUILT_PRODUCTS_DIR;
		};
		1F844C9427B2429100ED0246 /* test_ppc */ = {
			isa = PBXReferenceProxy;
			fileType = "compiled.mach-o.executable";
			path = test_ppc;
			remoteRef = 1F844C9327B2429100ED0246 /* PBXContainerItemProxy */;
			sourceTree = BUILT_PRODUCTS_DIR;
		};
		1F844C9627B2429100ED0246 /* test_skipdata */ = {
			isa = PBXReferenceProxy;
			fileType = "compiled.mach-o.executable";
			path = test_skipdata;
			remoteRef = 1F844C9527B2429100ED0246 /* PBXContainerItemProxy */;
			sourceTree = BUILT_PRODUCTS_DIR;
		};
		1F844C9827B2429100ED0246 /* test_sparc */ = {
			isa = PBXReferenceProxy;
			fileType = "compiled.mach-o.executable";
			path = test_sparc;
			remoteRef = 1F844C9727B2429100ED0246 /* PBXContainerItemProxy */;
			sourceTree = BUILT_PRODUCTS_DIR;
		};
		1F844C9A27B2429100ED0246 /* test_systemz */ = {
			isa = PBXReferenceProxy;
			fileType = "compiled.mach-o.executable";
			path = test_systemz;
			remoteRef = 1F844C9927B2429100ED0246 /* PBXContainerItemProxy */;
			sourceTree = BUILT_PRODUCTS_DIR;
		};
		1F844C9C27B2429100ED0246 /* test_x86 */ = {
			isa = PBXReferenceProxy;
			fileType = "compiled.mach-o.executable";
			path = test_x86;
			remoteRef = 1F844C9B27B2429100ED0246 /* PBXContainerItemProxy */;
			sourceTree = BUILT_PRODUCTS_DIR;
		};
		1F844C9E27B2429100ED0246 /* test_xcore */ = {
			isa = PBXReferenceProxy;
			fileType = "compiled.mach-o.executable";
			path = test_xcore;
			remoteRef = 1F844C9D27B2429100ED0246 /* PBXContainerItemProxy */;
			sourceTree = BUILT_PRODUCTS_DIR;
		};
/* End PBXReferenceProxy section */

/* Begin PBXResourcesBuildPhase section */
		1F75F8B2275A3151001A4E29 /* Resources */ = {
			isa = PBXResourcesBuildPhase;
			buildActionMask = 2147483647;
			files = (
				1F75F8BC275A3151001A4E29 /* Assets.xcassets in Resources */,
			);
			runOnlyForDeploymentPostprocessing = 0;
		};
/* End PBXResourcesBuildPhase section */

/* Begin PBXSourcesBuildPhase section */
		1F75F8B0275A3151001A4E29 /* Sources */ = {
			isa = PBXSourcesBuildPhase;
			buildActionMask = 2147483647;
			files = (
				1F68325A276C49AB002609C5 /* RelocationEntry.swift in Sources */,
				1FFE55F9278030AE00ECD395 /* LCMinOSVersion.swift in Sources */,
				1FC11B0C277B2DFD008D42D9 /* TranslationView.swift in Sources */,
				1F73C706275A322C0020E581 /* Theme.swift in Sources */,
				1FFCA6E02780C20700634B79 /* ModelBasedLazyComponent.swift in Sources */,
				1FD02A662845C7570036715E /* Constants.swift in Sources */,
				1FFE55FB278030DA00ECD395 /* LCLinkerOption.swift in Sources */,
				1FBB28222799483800E7C53D /* LiteralPointerComponent.swift in Sources */,
				1F6212E327966ED0009A9154 /* LCEncryptionInfo.swift in Sources */,
				1FFE56022780325D00ECD395 /* LCDylib.swift in Sources */,
				1F6212ED279693BE009A9154 /* LCBuildVersion.swift in Sources */,
				1FB6505227918F85004327BB /* InterpreterUtils.swift in Sources */,
				1F6212EB2796747C009A9154 /* LCMain.swift in Sources */,
				1F6EB9FE278AECB000590729 /* OperationCodeComponent.swift in Sources */,
				1FFCA6E22780C22600634B79 /* CStringComponent.swift in Sources */,
				1F3C85A0286DA5920042EEA6 /* HexadecimalLineView.swift in Sources */,
				1F40ED2E27A13D3A00D93824 /* UStringComponent.swift in Sources */,
				1FFE5604278032D200ECD395 /* Log.swift in Sources */,
				1FEF55DA278B3C170037098B /* TranslationStore.swift in Sources */,
				1F40ED8A27B1120400D93824 /* CapStoneHelper.m in Sources */,
				1F6212E72796744F009A9154 /* LCUUID.swift in Sources */,
				1F3C85A2286DA7320042EEA6 /* HexadecimalViewModel.swift in Sources */,
				1FB6505027916E06004327BB /* ExportInfoInterpreter.swift in Sources */,
				1FE35B96286B1F7900FE37AC /* MachoZeroFilledComponent.swift in Sources */,
				1F3C85A6286DC9850042EEA6 /* TranslationViewModel.swift in Sources */,
				1FC5CD97287824D700F9A09F /* MochaDocument.swift in Sources */,
				1F184B282769EBB700CA286A /* SymbolTableEntry.swift in Sources */,
				1F16F22C278813E70094E720 /* DataShifter.swift in Sources */,
				1F40ED8627B110AD00D93824 /* InstructionComponent.swift in Sources */,
				1F73C70A275A5C6D0020E581 /* FatBinary.swift in Sources */,
				1FFE55F727802FA300ECD395 /* DataInCodeModel.swift in Sources */,
				1FFE55FF2780312B00ECD395 /* LCSymbolTable.swift in Sources */,
				1FC5CDAC287842FC00F9A09F /* MainView.swift in Sources */,
				1FB6504C27904B9C004327BB /* RebaseOperationCode.swift in Sources */,
				1F40ED3227AB88A800D93824 /* SymbolPointerComponent.swift in Sources */,
				1F16F2212785FFBE0094E720 /* Demangle.swift in Sources */,
				1F3C85A4286DC9380042EEA6 /* HexadecimalLineViewModel.swift in Sources */,
				1F73C6D1275A31F00020E581 /* CPUType.swift in Sources */,
				1FB6504E279051FF004327BB /* BindOperationCode.swift in Sources */,
				1F40ED2C279FF57700D93824 /* FunctionStartsComponent.swift in Sources */,
				1F73C6DE275A320D0020E581 /* MachoView.swift in Sources */,
				1F3C859C286D91160042EEA6 /* TranslationItemView.swift in Sources */,
				1F73C6CF275A31F00020E581 /* Macho.swift in Sources */,
				1FFE55F4277F766500ECD395 /* LCLinkedITData.swift in Sources */,
				1FB6504827904971004327BB /* OperationCode.swift in Sources */,
				1F75F8B8275A3151001A4E29 /* mochaApp.swift in Sources */,
				1FFCA6E6278205CA00634B79 /* MachoComponent.swift in Sources */,
				1FE35B9C286B3AEE00FE37AC /* MachoComponentCellView.swift in Sources */,
				1F73C6E8275A32120020E581 /* UnixArchive.swift in Sources */,
				1F0133FE2775FE1900EB600A /* DataSlice.swift in Sources */,
				1F6212E527967438009A9154 /* LCMonoString.swift in Sources */,
				1F6212E92796746C009A9154 /* LCSourceVersion.swift in Sources */,
				1FE35B94286B1F5C00FE37AC /* MachoLazyComponent.swift in Sources */,
				1FC258CF275F6250008C2826 /* TranslationItem.swift in Sources */,
				1F6EB9FC278AE46500590729 /* LCDyldInfo.swift in Sources */,
				1F73C6DA275A320D0020E581 /* HexadecimalView.swift in Sources */,
				1F73C6FE275A322C0020E581 /* Extensions.swift in Sources */,
				1FFCA6EC278487D300634B79 /* ASCIIComponent.swift in Sources */,
				1FFE55FD278030F100ECD395 /* LCSegment.swift in Sources */,
				1F40ED3627AFAAA200D93824 /* IndirectSymbolTableEntry.swift in Sources */,
				1F73C6CD275A31F00020E581 /* SectionHeader.swift in Sources */,
				1F3C859E286D9DB00042EEA6 /* PageControlView.swift in Sources */,
				1F73C6C9275A31F00020E581 /* LoadCommand.swift in Sources */,
				1FE35B9A286B393500FE37AC /* MachoComponentView.swift in Sources */,
			);
			runOnlyForDeploymentPostprocessing = 0;
		};
/* End PBXSourcesBuildPhase section */

/* Begin PBXTargetDependency section */
		1F844CB227B242EC00ED0246 /* PBXTargetDependency */ = {
			isa = PBXTargetDependency;
			name = CapstoneStatic;
			targetProxy = 1F844CB127B242EC00ED0246 /* PBXContainerItemProxy */;
		};
/* End PBXTargetDependency section */

/* Begin XCBuildConfiguration section */
		1F75F8BD275A3151001A4E29 /* Debug */ = {
			isa = XCBuildConfiguration;
			buildSettings = {
				ALWAYS_SEARCH_USER_PATHS = NO;
				CLANG_ANALYZER_NONNULL = YES;
				CLANG_ANALYZER_NUMBER_OBJECT_CONVERSION = YES_AGGRESSIVE;
				CLANG_CXX_LANGUAGE_STANDARD = "gnu++17";
				CLANG_CXX_LIBRARY = "libc++";
				CLANG_ENABLE_MODULES = YES;
				CLANG_ENABLE_OBJC_ARC = YES;
				CLANG_ENABLE_OBJC_WEAK = YES;
				CLANG_WARN_BLOCK_CAPTURE_AUTORELEASING = YES;
				CLANG_WARN_BOOL_CONVERSION = YES;
				CLANG_WARN_COMMA = YES;
				CLANG_WARN_CONSTANT_CONVERSION = YES;
				CLANG_WARN_DEPRECATED_OBJC_IMPLEMENTATIONS = YES;
				CLANG_WARN_DIRECT_OBJC_ISA_USAGE = YES_ERROR;
				CLANG_WARN_DOCUMENTATION_COMMENTS = YES;
				CLANG_WARN_EMPTY_BODY = YES;
				CLANG_WARN_ENUM_CONVERSION = YES;
				CLANG_WARN_INFINITE_RECURSION = YES;
				CLANG_WARN_INT_CONVERSION = YES;
				CLANG_WARN_NON_LITERAL_NULL_CONVERSION = YES;
				CLANG_WARN_OBJC_IMPLICIT_RETAIN_SELF = YES;
				CLANG_WARN_OBJC_LITERAL_CONVERSION = YES;
				CLANG_WARN_OBJC_ROOT_CLASS = YES_ERROR;
				CLANG_WARN_QUOTED_INCLUDE_IN_FRAMEWORK_HEADER = YES;
				CLANG_WARN_RANGE_LOOP_ANALYSIS = YES;
				CLANG_WARN_STRICT_PROTOTYPES = YES;
				CLANG_WARN_SUSPICIOUS_MOVE = YES;
				CLANG_WARN_UNGUARDED_AVAILABILITY = YES_AGGRESSIVE;
				CLANG_WARN_UNREACHABLE_CODE = YES;
				CLANG_WARN__DUPLICATE_METHOD_MATCH = YES;
				COPY_PHASE_STRIP = NO;
				DEBUG_INFORMATION_FORMAT = dwarf;
				ENABLE_STRICT_OBJC_MSGSEND = YES;
				ENABLE_TESTABILITY = YES;
				GCC_C_LANGUAGE_STANDARD = gnu11;
				GCC_DYNAMIC_NO_PIC = NO;
				GCC_NO_COMMON_BLOCKS = YES;
				GCC_OPTIMIZATION_LEVEL = 0;
				GCC_PREPROCESSOR_DEFINITIONS = (
					"DEBUG=1",
					"$(inherited)",
				);
				GCC_WARN_64_TO_32_BIT_CONVERSION = YES;
				GCC_WARN_ABOUT_RETURN_TYPE = YES_ERROR;
				GCC_WARN_UNDECLARED_SELECTOR = YES;
				GCC_WARN_UNINITIALIZED_AUTOS = YES_AGGRESSIVE;
				GCC_WARN_UNUSED_FUNCTION = YES;
				GCC_WARN_UNUSED_VARIABLE = YES;
				MTL_ENABLE_DEBUG_INFO = INCLUDE_SOURCE;
				MTL_FAST_MATH = YES;
				ONLY_ACTIVE_ARCH = YES;
				SWIFT_ACTIVE_COMPILATION_CONDITIONS = DEBUG;
				SWIFT_OPTIMIZATION_LEVEL = "-Onone";
			};
			name = Debug;
		};
		1F75F8BE275A3151001A4E29 /* Release */ = {
			isa = XCBuildConfiguration;
			buildSettings = {
				ALWAYS_SEARCH_USER_PATHS = NO;
				CLANG_ANALYZER_NONNULL = YES;
				CLANG_ANALYZER_NUMBER_OBJECT_CONVERSION = YES_AGGRESSIVE;
				CLANG_CXX_LANGUAGE_STANDARD = "gnu++17";
				CLANG_CXX_LIBRARY = "libc++";
				CLANG_ENABLE_MODULES = YES;
				CLANG_ENABLE_OBJC_ARC = YES;
				CLANG_ENABLE_OBJC_WEAK = YES;
				CLANG_WARN_BLOCK_CAPTURE_AUTORELEASING = YES;
				CLANG_WARN_BOOL_CONVERSION = YES;
				CLANG_WARN_COMMA = YES;
				CLANG_WARN_CONSTANT_CONVERSION = YES;
				CLANG_WARN_DEPRECATED_OBJC_IMPLEMENTATIONS = YES;
				CLANG_WARN_DIRECT_OBJC_ISA_USAGE = YES_ERROR;
				CLANG_WARN_DOCUMENTATION_COMMENTS = YES;
				CLANG_WARN_EMPTY_BODY = YES;
				CLANG_WARN_ENUM_CONVERSION = YES;
				CLANG_WARN_INFINITE_RECURSION = YES;
				CLANG_WARN_INT_CONVERSION = YES;
				CLANG_WARN_NON_LITERAL_NULL_CONVERSION = YES;
				CLANG_WARN_OBJC_IMPLICIT_RETAIN_SELF = YES;
				CLANG_WARN_OBJC_LITERAL_CONVERSION = YES;
				CLANG_WARN_OBJC_ROOT_CLASS = YES_ERROR;
				CLANG_WARN_QUOTED_INCLUDE_IN_FRAMEWORK_HEADER = YES;
				CLANG_WARN_RANGE_LOOP_ANALYSIS = YES;
				CLANG_WARN_STRICT_PROTOTYPES = YES;
				CLANG_WARN_SUSPICIOUS_MOVE = YES;
				CLANG_WARN_UNGUARDED_AVAILABILITY = YES_AGGRESSIVE;
				CLANG_WARN_UNREACHABLE_CODE = YES;
				CLANG_WARN__DUPLICATE_METHOD_MATCH = YES;
				COPY_PHASE_STRIP = NO;
				DEBUG_INFORMATION_FORMAT = "dwarf-with-dsym";
				ENABLE_NS_ASSERTIONS = NO;
				ENABLE_STRICT_OBJC_MSGSEND = YES;
				GCC_C_LANGUAGE_STANDARD = gnu11;
				GCC_NO_COMMON_BLOCKS = YES;
				GCC_WARN_64_TO_32_BIT_CONVERSION = YES;
				GCC_WARN_ABOUT_RETURN_TYPE = YES_ERROR;
				GCC_WARN_UNDECLARED_SELECTOR = YES;
				GCC_WARN_UNINITIALIZED_AUTOS = YES_AGGRESSIVE;
				GCC_WARN_UNUSED_FUNCTION = YES;
				GCC_WARN_UNUSED_VARIABLE = YES;
				MTL_ENABLE_DEBUG_INFO = NO;
				MTL_FAST_MATH = YES;
				SWIFT_COMPILATION_MODE = wholemodule;
				SWIFT_OPTIMIZATION_LEVEL = "-O";
			};
			name = Release;
		};
		1F75F8C3275A3151001A4E29 /* Debug */ = {
			isa = XCBuildConfiguration;
			buildSettings = {
				ASSETCATALOG_COMPILER_APPICON_NAME = AppIcon;
				ASSETCATALOG_COMPILER_GLOBAL_ACCENT_COLOR_NAME = AccentColor;
				CLANG_ENABLE_MODULES = YES;
				CODE_SIGN_ENTITLEMENTS = macOS/macOS.entitlements;
				CODE_SIGN_IDENTITY = "-";
				CODE_SIGN_STYLE = Automatic;
				COMBINE_HIDPI_IMAGES = YES;
				CURRENT_PROJECT_VERSION = 1;
				DEVELOPMENT_TEAM = 2273RL2A4R;
				ENABLE_HARDENED_RUNTIME = YES;
				ENABLE_PREVIEWS = YES;
				GENERATE_INFOPLIST_FILE = YES;
				HEADER_SEARCH_PATHS = "${SRCROOT}/capstone/include";
				INFOPLIST_KEY_NSHumanReadableCopyright = "";
				LD_RUNPATH_SEARCH_PATHS = (
					"$(inherited)",
					"@executable_path/../Frameworks",
				);
				LIBRARY_SEARCH_PATHS = (
					"$(inherited)",
					"$(PROJECT_DIR)/capstone",
				);
				MACOSX_DEPLOYMENT_TARGET = 12.0;
				MARKETING_VERSION = 1.0;
				PRODUCT_BUNDLE_IDENTIFIER = white.presonal.mocha;
				PRODUCT_NAME = mocha;
				SDKROOT = macosx;
				SWIFT_EMIT_LOC_STRINGS = YES;
				SWIFT_OBJC_BRIDGING_HEADER = "Shared/Bridging-Header.h";
				SWIFT_OPTIMIZATION_LEVEL = "-Onone";
				SWIFT_VERSION = 5.0;
			};
			name = Debug;
		};
		1F75F8C4275A3151001A4E29 /* Release */ = {
			isa = XCBuildConfiguration;
			buildSettings = {
				ASSETCATALOG_COMPILER_APPICON_NAME = AppIcon;
				ASSETCATALOG_COMPILER_GLOBAL_ACCENT_COLOR_NAME = AccentColor;
				CLANG_ENABLE_MODULES = YES;
				CODE_SIGN_ENTITLEMENTS = macOS/macOS.entitlements;
				CODE_SIGN_IDENTITY = "-";
				CODE_SIGN_STYLE = Automatic;
				COMBINE_HIDPI_IMAGES = YES;
				CURRENT_PROJECT_VERSION = 1;
				DEVELOPMENT_TEAM = 2273RL2A4R;
				ENABLE_HARDENED_RUNTIME = YES;
				ENABLE_PREVIEWS = YES;
				GENERATE_INFOPLIST_FILE = YES;
				HEADER_SEARCH_PATHS = "${SRCROOT}/capstone/include";
				INFOPLIST_KEY_NSHumanReadableCopyright = "";
				LD_RUNPATH_SEARCH_PATHS = (
					"$(inherited)",
					"@executable_path/../Frameworks",
				);
				LIBRARY_SEARCH_PATHS = (
					"$(inherited)",
					"$(PROJECT_DIR)/capstone",
				);
				MACOSX_DEPLOYMENT_TARGET = 12.0;
				MARKETING_VERSION = 1.0;
				PRODUCT_BUNDLE_IDENTIFIER = white.presonal.mocha;
				PRODUCT_NAME = mocha;
				SDKROOT = macosx;
				SWIFT_EMIT_LOC_STRINGS = YES;
				SWIFT_OBJC_BRIDGING_HEADER = "Shared/Bridging-Header.h";
				SWIFT_VERSION = 5.0;
			};
			name = Release;
		};
/* End XCBuildConfiguration section */

/* Begin XCConfigurationList section */
		1F75F8A5275A314F001A4E29 /* Build configuration list for PBXProject "mocha" */ = {
			isa = XCConfigurationList;
			buildConfigurations = (
				1F75F8BD275A3151001A4E29 /* Debug */,
				1F75F8BE275A3151001A4E29 /* Release */,
			);
			defaultConfigurationIsVisible = 0;
			defaultConfigurationName = Release;
		};
		1F75F8C2275A3151001A4E29 /* Build configuration list for PBXNativeTarget "mocha (macOS)" */ = {
			isa = XCConfigurationList;
			buildConfigurations = (
				1F75F8C3275A3151001A4E29 /* Debug */,
				1F75F8C4275A3151001A4E29 /* Release */,
			);
			defaultConfigurationIsVisible = 0;
			defaultConfigurationName = Release;
		};
/* End XCConfigurationList section */
	};
	rootObject = 1F75F8A2275A314F001A4E29 /* Project object */;
}
